// !$*UTF8*$!
{
	archiveVersion = 1;
	classes = {
	};
	objectVersion = 51;
	objects = {

/* Begin PBXBuildFile section */
		C9491C2925CA80EA00FEF571 /* AppDelegate.swift in Sources */ = {isa = PBXBuildFile; fileRef = C9491C2825CA80EA00FEF571 /* AppDelegate.swift */; };
		C9491C2B25CA80EA00FEF571 /* SceneDelegate.swift in Sources */ = {isa = PBXBuildFile; fileRef = C9491C2A25CA80EA00FEF571 /* SceneDelegate.swift */; };
		C9491C2D25CA80EA00FEF571 /* ViewController.swift in Sources */ = {isa = PBXBuildFile; fileRef = C9491C2C25CA80EA00FEF571 /* ViewController.swift */; };
		C9491C3025CA80EA00FEF571 /* Main.storyboard in Resources */ = {isa = PBXBuildFile; fileRef = C9491C2E25CA80EA00FEF571 /* Main.storyboard */; };
		C9491C3225CA80EA00FEF571 /* Assets.xcassets in Resources */ = {isa = PBXBuildFile; fileRef = C9491C3125CA80EA00FEF571 /* Assets.xcassets */; };
		C9491C3525CA80EA00FEF571 /* LaunchScreen.storyboard in Resources */ = {isa = PBXBuildFile; fileRef = C9491C3325CA80EA00FEF571 /* LaunchScreen.storyboard */; };
		C9491C9C25CB044900FEF571 /* gradients.swift in Sources */ = {isa = PBXBuildFile; fileRef = C9491C9B25CB044900FEF571 /* gradients.swift */; };
		C9491CA225CB369600FEF571 /* UUIDKey.swift in Sources */ = {isa = PBXBuildFile; fileRef = C9491CA125CB369600FEF571 /* UUIDKey.swift */; };
		C9491CB225CC907600FEF571 /* Extensions.swift in Sources */ = {isa = PBXBuildFile; fileRef = C9491CB125CC907600FEF571 /* Extensions.swift */; };
		C96492C325D24ED800A9F197 /* ESLO.swift in Sources */ = {isa = PBXBuildFile; fileRef = C96492C225D24ED800A9F197 /* ESLO.swift */; };
		C973610525DF0806001EF6BA /* Logger.swift in Sources */ = {isa = PBXBuildFile; fileRef = C973610425DF0806001EF6BA /* Logger.swift */; };
		F3BE1E97D334B19A427CAFC6 /* Pods_ESLO.framework in Frameworks */ = {isa = PBXBuildFile; fileRef = B019890A2DDB984990562A59 /* Pods_ESLO.framework */; };
/* End PBXBuildFile section */

/* Begin PBXFileReference section */
		09136ACD539E0E1C75EF79F1 /* Pods-ESLO.debug.xcconfig */ = {isa = PBXFileReference; includeInIndex = 1; lastKnownFileType = text.xcconfig; name = "Pods-ESLO.debug.xcconfig"; path = "Target Support Files/Pods-ESLO/Pods-ESLO.debug.xcconfig"; sourceTree = "<group>"; };
		5D462550453BF5BE257DDF44 /* Pods-ESLO-ESLOUITests.debug.xcconfig */ = {isa = PBXFileReference; includeInIndex = 1; lastKnownFileType = text.xcconfig; name = "Pods-ESLO-ESLOUITests.debug.xcconfig"; path = "Target Support Files/Pods-ESLO-ESLOUITests/Pods-ESLO-ESLOUITests.debug.xcconfig"; sourceTree = "<group>"; };
		9D49DC1EC56B3D679A7E3C0A /* Pods-ESLOTests.release.xcconfig */ = {isa = PBXFileReference; includeInIndex = 1; lastKnownFileType = text.xcconfig; name = "Pods-ESLOTests.release.xcconfig"; path = "Target Support Files/Pods-ESLOTests/Pods-ESLOTests.release.xcconfig"; sourceTree = "<group>"; };
		B019890A2DDB984990562A59 /* Pods_ESLO.framework */ = {isa = PBXFileReference; explicitFileType = wrapper.framework; includeInIndex = 0; path = Pods_ESLO.framework; sourceTree = BUILT_PRODUCTS_DIR; };
		B271F715D2D11243A0D70B11 /* Pods_ESLOTests.framework */ = {isa = PBXFileReference; explicitFileType = wrapper.framework; includeInIndex = 0; path = Pods_ESLOTests.framework; sourceTree = BUILT_PRODUCTS_DIR; };
		BB1C6A7A75EBA63E7E4CB6BF /* Pods-ESLO-ESLOUITests.release.xcconfig */ = {isa = PBXFileReference; includeInIndex = 1; lastKnownFileType = text.xcconfig; name = "Pods-ESLO-ESLOUITests.release.xcconfig"; path = "Target Support Files/Pods-ESLO-ESLOUITests/Pods-ESLO-ESLOUITests.release.xcconfig"; sourceTree = "<group>"; };
		C5B51D2B0ECD17051FBF1AA3 /* Pods_ESLO_ESLOUITests.framework */ = {isa = PBXFileReference; explicitFileType = wrapper.framework; includeInIndex = 0; path = Pods_ESLO_ESLOUITests.framework; sourceTree = BUILT_PRODUCTS_DIR; };
		C9491C2525CA80E900FEF571 /* ESLOuG.app */ = {isa = PBXFileReference; explicitFileType = wrapper.application; includeInIndex = 0; path = ESLOuG.app; sourceTree = BUILT_PRODUCTS_DIR; };
		C9491C2825CA80EA00FEF571 /* AppDelegate.swift */ = {isa = PBXFileReference; lastKnownFileType = sourcecode.swift; path = AppDelegate.swift; sourceTree = "<group>"; };
		C9491C2A25CA80EA00FEF571 /* SceneDelegate.swift */ = {isa = PBXFileReference; lastKnownFileType = sourcecode.swift; path = SceneDelegate.swift; sourceTree = "<group>"; };
		C9491C2C25CA80EA00FEF571 /* ViewController.swift */ = {isa = PBXFileReference; lastKnownFileType = sourcecode.swift; path = ViewController.swift; sourceTree = "<group>"; };
		C9491C2F25CA80EA00FEF571 /* Base */ = {isa = PBXFileReference; lastKnownFileType = file.storyboard; name = Base; path = Base.lproj/Main.storyboard; sourceTree = "<group>"; };
		C9491C3125CA80EA00FEF571 /* Assets.xcassets */ = {isa = PBXFileReference; lastKnownFileType = folder.assetcatalog; path = Assets.xcassets; sourceTree = "<group>"; };
		C9491C3425CA80EA00FEF571 /* Base */ = {isa = PBXFileReference; lastKnownFileType = file.storyboard; name = Base; path = Base.lproj/LaunchScreen.storyboard; sourceTree = "<group>"; };
		C9491C3625CA80EA00FEF571 /* Info.plist */ = {isa = PBXFileReference; lastKnownFileType = text.plist.xml; path = Info.plist; sourceTree = "<group>"; };
		C9491C9B25CB044900FEF571 /* gradients.swift */ = {isa = PBXFileReference; lastKnownFileType = sourcecode.swift; path = gradients.swift; sourceTree = "<group>"; };
		C9491CA125CB369600FEF571 /* UUIDKey.swift */ = {isa = PBXFileReference; fileEncoding = 4; lastKnownFileType = sourcecode.swift; path = UUIDKey.swift; sourceTree = "<group>"; };
		C9491CB125CC907600FEF571 /* Extensions.swift */ = {isa = PBXFileReference; lastKnownFileType = sourcecode.swift; path = Extensions.swift; sourceTree = "<group>"; };
		C96492C225D24ED800A9F197 /* ESLO.swift */ = {isa = PBXFileReference; lastKnownFileType = sourcecode.swift; path = ESLO.swift; sourceTree = "<group>"; };
		C973610425DF0806001EF6BA /* Logger.swift */ = {isa = PBXFileReference; lastKnownFileType = sourcecode.swift; path = Logger.swift; sourceTree = "<group>"; };
		DE06A35B5302E503C2365962 /* Pods-ESLOTests.debug.xcconfig */ = {isa = PBXFileReference; includeInIndex = 1; lastKnownFileType = text.xcconfig; name = "Pods-ESLOTests.debug.xcconfig"; path = "Target Support Files/Pods-ESLOTests/Pods-ESLOTests.debug.xcconfig"; sourceTree = "<group>"; };
		DF9926FE041D28563D69D93C /* Pods-ESLO.release.xcconfig */ = {isa = PBXFileReference; includeInIndex = 1; lastKnownFileType = text.xcconfig; name = "Pods-ESLO.release.xcconfig"; path = "Target Support Files/Pods-ESLO/Pods-ESLO.release.xcconfig"; sourceTree = "<group>"; };
/* End PBXFileReference section */

/* Begin PBXFrameworksBuildPhase section */
		C9491C2225CA80E900FEF571 /* Frameworks */ = {
			isa = PBXFrameworksBuildPhase;
			buildActionMask = 2147483647;
			files = (
				F3BE1E97D334B19A427CAFC6 /* Pods_ESLO.framework in Frameworks */,
			);
			runOnlyForDeploymentPostprocessing = 0;
		};
/* End PBXFrameworksBuildPhase section */

/* Begin PBXGroup section */
		408DC84DF151C7126BBE7783 /* Pods */ = {
			isa = PBXGroup;
			children = (
				09136ACD539E0E1C75EF79F1 /* Pods-ESLO.debug.xcconfig */,
				DF9926FE041D28563D69D93C /* Pods-ESLO.release.xcconfig */,
				5D462550453BF5BE257DDF44 /* Pods-ESLO-ESLOUITests.debug.xcconfig */,
				BB1C6A7A75EBA63E7E4CB6BF /* Pods-ESLO-ESLOUITests.release.xcconfig */,
				DE06A35B5302E503C2365962 /* Pods-ESLOTests.debug.xcconfig */,
				9D49DC1EC56B3D679A7E3C0A /* Pods-ESLOTests.release.xcconfig */,
			);
			path = Pods;
			sourceTree = "<group>";
		};
		C9491C1C25CA80E900FEF571 = {
			isa = PBXGroup;
			children = (
				C9491C2725CA80E900FEF571 /* ESLOuG */,
				C9491C2625CA80E900FEF571 /* Products */,
				408DC84DF151C7126BBE7783 /* Pods */,
				EAB76DED3E217A83E26AF927 /* Frameworks */,
			);
			sourceTree = "<group>";
		};
		C9491C2625CA80E900FEF571 /* Products */ = {
			isa = PBXGroup;
			children = (
				C9491C2525CA80E900FEF571 /* ESLOuG.app */,
			);
			name = Products;
			sourceTree = "<group>";
		};
		C9491C2725CA80E900FEF571 /* ESLOuG */ = {
			isa = PBXGroup;
			children = (
				C9491CA025CB369600FEF571 /* Models */,
				C9491C2825CA80EA00FEF571 /* AppDelegate.swift */,
				C9491C2A25CA80EA00FEF571 /* SceneDelegate.swift */,
				C9491C2C25CA80EA00FEF571 /* ViewController.swift */,
				C9491C9B25CB044900FEF571 /* gradients.swift */,
				C9491C2E25CA80EA00FEF571 /* Main.storyboard */,
				C9491C3125CA80EA00FEF571 /* Assets.xcassets */,
				C9491C3325CA80EA00FEF571 /* LaunchScreen.storyboard */,
				C9491C3625CA80EA00FEF571 /* Info.plist */,
			);
			path = ESLOuG;
			sourceTree = "<group>";
		};
		C9491CA025CB369600FEF571 /* Models */ = {
			isa = PBXGroup;
			children = (
				C9491CA125CB369600FEF571 /* UUIDKey.swift */,
				C9491CB125CC907600FEF571 /* Extensions.swift */,
				C96492C225D24ED800A9F197 /* ESLO.swift */,
				C973610425DF0806001EF6BA /* Logger.swift */,
			);
			path = Models;
			sourceTree = "<group>";
		};
		EAB76DED3E217A83E26AF927 /* Frameworks */ = {
			isa = PBXGroup;
			children = (
				B019890A2DDB984990562A59 /* Pods_ESLO.framework */,
				C5B51D2B0ECD17051FBF1AA3 /* Pods_ESLO_ESLOUITests.framework */,
				B271F715D2D11243A0D70B11 /* Pods_ESLOTests.framework */,
			);
			name = Frameworks;
			sourceTree = "<group>";
		};
/* End PBXGroup section */

/* Begin PBXNativeTarget section */
		C9491C2425CA80E900FEF571 /* ESLOuG */ = {
			isa = PBXNativeTarget;
			buildConfigurationList = C9491C4F25CA80EA00FEF571 /* Build configuration list for PBXNativeTarget "ESLOuG" */;
			buildPhases = (
				AE630EDA148E99D705624711 /* [CP] Check Pods Manifest.lock */,
				C9491C2125CA80E900FEF571 /* Sources */,
				C9491C2225CA80E900FEF571 /* Frameworks */,
				C9491C2325CA80E900FEF571 /* Resources */,
				63855845B60A226F963E1281 /* [CP] Embed Pods Frameworks */,
			);
			buildRules = (
			);
			dependencies = (
			);
			name = ESLOuG;
			productName = ESLO;
			productReference = C9491C2525CA80E900FEF571 /* ESLOuG.app */;
			productType = "com.apple.product-type.application";
		};
/* End PBXNativeTarget section */

/* Begin PBXProject section */
		C9491C1D25CA80E900FEF571 /* Project object */ = {
			isa = PBXProject;
			attributes = {
				LastSwiftUpdateCheck = 1240;
				LastUpgradeCheck = 1240;
				TargetAttributes = {
					C9491C2425CA80E900FEF571 = {
						CreatedOnToolsVersion = 12.4;
					};
				};
			};
			buildConfigurationList = C9491C2025CA80E900FEF571 /* Build configuration list for PBXProject "ESLOuG" */;
			compatibilityVersion = "Xcode 9.3";
			developmentRegion = en;
			hasScannedForEncodings = 0;
			knownRegions = (
				en,
				Base,
			);
			mainGroup = C9491C1C25CA80E900FEF571;
			productRefGroup = C9491C2625CA80E900FEF571 /* Products */;
			projectDirPath = "";
			projectRoot = "";
			targets = (
				C9491C2425CA80E900FEF571 /* ESLOuG */,
			);
		};
/* End PBXProject section */

/* Begin PBXResourcesBuildPhase section */
		C9491C2325CA80E900FEF571 /* Resources */ = {
			isa = PBXResourcesBuildPhase;
			buildActionMask = 2147483647;
			files = (
				C9491C3525CA80EA00FEF571 /* LaunchScreen.storyboard in Resources */,
				C9491C3225CA80EA00FEF571 /* Assets.xcassets in Resources */,
				C9491C3025CA80EA00FEF571 /* Main.storyboard in Resources */,
			);
			runOnlyForDeploymentPostprocessing = 0;
		};
/* End PBXResourcesBuildPhase section */

/* Begin PBXShellScriptBuildPhase section */
		63855845B60A226F963E1281 /* [CP] Embed Pods Frameworks */ = {
			isa = PBXShellScriptBuildPhase;
			buildActionMask = 2147483647;
			files = (
			);
			inputFileListPaths = (
				"${PODS_ROOT}/Target Support Files/Pods-ESLO/Pods-ESLO-frameworks-${CONFIGURATION}-input-files.xcfilelist",
			);
			name = "[CP] Embed Pods Frameworks";
			outputFileListPaths = (
				"${PODS_ROOT}/Target Support Files/Pods-ESLO/Pods-ESLO-frameworks-${CONFIGURATION}-output-files.xcfilelist",
			);
			runOnlyForDeploymentPostprocessing = 0;
			shellPath = /bin/sh;
			shellScript = "\"${PODS_ROOT}/Target Support Files/Pods-ESLO/Pods-ESLO-frameworks.sh\"\n";
			showEnvVarsInLog = 0;
		};
		AE630EDA148E99D705624711 /* [CP] Check Pods Manifest.lock */ = {
			isa = PBXShellScriptBuildPhase;
			buildActionMask = 2147483647;
			files = (
			);
			inputFileListPaths = (
			);
			inputPaths = (
				"${PODS_PODFILE_DIR_PATH}/Podfile.lock",
				"${PODS_ROOT}/Manifest.lock",
			);
			name = "[CP] Check Pods Manifest.lock";
			outputFileListPaths = (
			);
			outputPaths = (
				"$(DERIVED_FILE_DIR)/Pods-ESLO-checkManifestLockResult.txt",
			);
			runOnlyForDeploymentPostprocessing = 0;
			shellPath = /bin/sh;
			shellScript = "diff \"${PODS_PODFILE_DIR_PATH}/Podfile.lock\" \"${PODS_ROOT}/Manifest.lock\" > /dev/null\nif [ $? != 0 ] ; then\n    # print error to STDERR\n    echo \"error: The sandbox is not in sync with the Podfile.lock. Run 'pod install' or update your CocoaPods installation.\" >&2\n    exit 1\nfi\n# This output is used by Xcode 'outputs' to avoid re-running this script phase.\necho \"SUCCESS\" > \"${SCRIPT_OUTPUT_FILE_0}\"\n";
			showEnvVarsInLog = 0;
		};
/* End PBXShellScriptBuildPhase section */

/* Begin PBXSourcesBuildPhase section */
		C9491C2125CA80E900FEF571 /* Sources */ = {
			isa = PBXSourcesBuildPhase;
			buildActionMask = 2147483647;
			files = (
				C9491C2D25CA80EA00FEF571 /* ViewController.swift in Sources */,
				C9491CB225CC907600FEF571 /* Extensions.swift in Sources */,
				C9491CA225CB369600FEF571 /* UUIDKey.swift in Sources */,
				C9491C2925CA80EA00FEF571 /* AppDelegate.swift in Sources */,
				C9491C2B25CA80EA00FEF571 /* SceneDelegate.swift in Sources */,
				C96492C325D24ED800A9F197 /* ESLO.swift in Sources */,
				C9491C9C25CB044900FEF571 /* gradients.swift in Sources */,
				C973610525DF0806001EF6BA /* Logger.swift in Sources */,
			);
			runOnlyForDeploymentPostprocessing = 0;
		};
/* End PBXSourcesBuildPhase section */

/* Begin PBXVariantGroup section */
		C9491C2E25CA80EA00FEF571 /* Main.storyboard */ = {
			isa = PBXVariantGroup;
			children = (
				C9491C2F25CA80EA00FEF571 /* Base */,
			);
			name = Main.storyboard;
			sourceTree = "<group>";
		};
		C9491C3325CA80EA00FEF571 /* LaunchScreen.storyboard */ = {
			isa = PBXVariantGroup;
			children = (
				C9491C3425CA80EA00FEF571 /* Base */,
			);
			name = LaunchScreen.storyboard;
			sourceTree = "<group>";
		};
/* End PBXVariantGroup section */

/* Begin XCBuildConfiguration section */
		C9491C4D25CA80EA00FEF571 /* Debug */ = {
			isa = XCBuildConfiguration;
			buildSettings = {
				ALWAYS_SEARCH_USER_PATHS = NO;
				CLANG_ANALYZER_NONNULL = YES;
				CLANG_ANALYZER_NUMBER_OBJECT_CONVERSION = YES_AGGRESSIVE;
				CLANG_CXX_LANGUAGE_STANDARD = "gnu++14";
				CLANG_CXX_LIBRARY = "libc++";
				CLANG_ENABLE_MODULES = YES;
				CLANG_ENABLE_OBJC_ARC = YES;
				CLANG_ENABLE_OBJC_WEAK = YES;
				CLANG_WARN_BLOCK_CAPTURE_AUTORELEASING = YES;
				CLANG_WARN_BOOL_CONVERSION = YES;
				CLANG_WARN_COMMA = YES;
				CLANG_WARN_CONSTANT_CONVERSION = YES;
				CLANG_WARN_DEPRECATED_OBJC_IMPLEMENTATIONS = YES;
				CLANG_WARN_DIRECT_OBJC_ISA_USAGE = YES_ERROR;
				CLANG_WARN_DOCUMENTATION_COMMENTS = YES;
				CLANG_WARN_EMPTY_BODY = YES;
				CLANG_WARN_ENUM_CONVERSION = YES;
				CLANG_WARN_INFINITE_RECURSION = YES;
				CLANG_WARN_INT_CONVERSION = YES;
				CLANG_WARN_NON_LITERAL_NULL_CONVERSION = YES;
				CLANG_WARN_OBJC_IMPLICIT_RETAIN_SELF = YES;
				CLANG_WARN_OBJC_LITERAL_CONVERSION = YES;
				CLANG_WARN_OBJC_ROOT_CLASS = YES_ERROR;
				CLANG_WARN_QUOTED_INCLUDE_IN_FRAMEWORK_HEADER = YES;
				CLANG_WARN_RANGE_LOOP_ANALYSIS = YES;
				CLANG_WARN_STRICT_PROTOTYPES = YES;
				CLANG_WARN_SUSPICIOUS_MOVE = YES;
				CLANG_WARN_UNGUARDED_AVAILABILITY = YES_AGGRESSIVE;
				CLANG_WARN_UNREACHABLE_CODE = YES;
				CLANG_WARN__DUPLICATE_METHOD_MATCH = YES;
				COPY_PHASE_STRIP = NO;
				DEBUG_INFORMATION_FORMAT = dwarf;
				ENABLE_STRICT_OBJC_MSGSEND = YES;
				ENABLE_TESTABILITY = YES;
				GCC_C_LANGUAGE_STANDARD = gnu11;
				GCC_DYNAMIC_NO_PIC = NO;
				GCC_NO_COMMON_BLOCKS = YES;
				GCC_OPTIMIZATION_LEVEL = 0;
				GCC_PREPROCESSOR_DEFINITIONS = (
					"DEBUG=1",
					"$(inherited)",
				);
				GCC_WARN_64_TO_32_BIT_CONVERSION = YES;
				GCC_WARN_ABOUT_RETURN_TYPE = YES_ERROR;
				GCC_WARN_UNDECLARED_SELECTOR = YES;
				GCC_WARN_UNINITIALIZED_AUTOS = YES_AGGRESSIVE;
				GCC_WARN_UNUSED_FUNCTION = YES;
				GCC_WARN_UNUSED_VARIABLE = YES;
				IPHONEOS_DEPLOYMENT_TARGET = 15.6;
				MTL_ENABLE_DEBUG_INFO = INCLUDE_SOURCE;
				MTL_FAST_MATH = YES;
				ONLY_ACTIVE_ARCH = YES;
				SDKROOT = iphoneos;
				SWIFT_ACTIVE_COMPILATION_CONDITIONS = DEBUG;
				SWIFT_OPTIMIZATION_LEVEL = "-Onone";
			};
			name = Debug;
		};
		C9491C4E25CA80EA00FEF571 /* Release */ = {
			isa = XCBuildConfiguration;
			buildSettings = {
				ALWAYS_SEARCH_USER_PATHS = NO;
				CLANG_ANALYZER_NONNULL = YES;
				CLANG_ANALYZER_NUMBER_OBJECT_CONVERSION = YES_AGGRESSIVE;
				CLANG_CXX_LANGUAGE_STANDARD = "gnu++14";
				CLANG_CXX_LIBRARY = "libc++";
				CLANG_ENABLE_MODULES = YES;
				CLANG_ENABLE_OBJC_ARC = YES;
				CLANG_ENABLE_OBJC_WEAK = YES;
				CLANG_WARN_BLOCK_CAPTURE_AUTORELEASING = YES;
				CLANG_WARN_BOOL_CONVERSION = YES;
				CLANG_WARN_COMMA = YES;
				CLANG_WARN_CONSTANT_CONVERSION = YES;
				CLANG_WARN_DEPRECATED_OBJC_IMPLEMENTATIONS = YES;
				CLANG_WARN_DIRECT_OBJC_ISA_USAGE = YES_ERROR;
				CLANG_WARN_DOCUMENTATION_COMMENTS = YES;
				CLANG_WARN_EMPTY_BODY = YES;
				CLANG_WARN_ENUM_CONVERSION = YES;
				CLANG_WARN_INFINITE_RECURSION = YES;
				CLANG_WARN_INT_CONVERSION = YES;
				CLANG_WARN_NON_LITERAL_NULL_CONVERSION = YES;
				CLANG_WARN_OBJC_IMPLICIT_RETAIN_SELF = YES;
				CLANG_WARN_OBJC_LITERAL_CONVERSION = YES;
				CLANG_WARN_OBJC_ROOT_CLASS = YES_ERROR;
				CLANG_WARN_QUOTED_INCLUDE_IN_FRAMEWORK_HEADER = YES;
				CLANG_WARN_RANGE_LOOP_ANALYSIS = YES;
				CLANG_WARN_STRICT_PROTOTYPES = YES;
				CLANG_WARN_SUSPICIOUS_MOVE = YES;
				CLANG_WARN_UNGUARDED_AVAILABILITY = YES_AGGRESSIVE;
				CLANG_WARN_UNREACHABLE_CODE = YES;
				CLANG_WARN__DUPLICATE_METHOD_MATCH = YES;
				COPY_PHASE_STRIP = NO;
				DEBUG_INFORMATION_FORMAT = "dwarf-with-dsym";
				ENABLE_NS_ASSERTIONS = NO;
				ENABLE_STRICT_OBJC_MSGSEND = YES;
				GCC_C_LANGUAGE_STANDARD = gnu11;
				GCC_NO_COMMON_BLOCKS = YES;
				GCC_WARN_64_TO_32_BIT_CONVERSION = YES;
				GCC_WARN_ABOUT_RETURN_TYPE = YES_ERROR;
				GCC_WARN_UNDECLARED_SELECTOR = YES;
				GCC_WARN_UNINITIALIZED_AUTOS = YES_AGGRESSIVE;
				GCC_WARN_UNUSED_FUNCTION = YES;
				GCC_WARN_UNUSED_VARIABLE = YES;
				IPHONEOS_DEPLOYMENT_TARGET = 15.6;
				MTL_ENABLE_DEBUG_INFO = NO;
				MTL_FAST_MATH = YES;
				SDKROOT = iphoneos;
				SWIFT_COMPILATION_MODE = wholemodule;
				SWIFT_OPTIMIZATION_LEVEL = "-O";
				VALIDATE_PRODUCT = YES;
			};
			name = Release;
		};
		C9491C5025CA80EA00FEF571 /* Debug */ = {
			isa = XCBuildConfiguration;
			baseConfigurationReference = 09136ACD539E0E1C75EF79F1 /* Pods-ESLO.debug.xcconfig */;
			buildSettings = {
				ASSETCATALOG_COMPILER_APPICON_NAME = AppIcon;
				ASSETCATALOG_COMPILER_GLOBAL_ACCENT_COLOR_NAME = AccentColor;
				CODE_SIGN_IDENTITY = "Apple Development";
				CODE_SIGN_STYLE = Automatic;
				DEVELOPMENT_TEAM = WBU4CZ6AZJ;
				INFOPLIST_FILE = ESLOuG/Info.plist;
				IPHONEOS_DEPLOYMENT_TARGET = 15.0;
				LD_RUNPATH_SEARCH_PATHS = (
					"$(inherited)",
					"@executable_path/Frameworks",
				);
				PRODUCT_BUNDLE_IDENTIFIER = Umich.ESLO;
				PRODUCT_NAME = "$(TARGET_NAME)";
				PROVISIONING_PROFILE_SPECIFIER = "";
				SWIFT_VERSION = 5.0;
				TARGETED_DEVICE_FAMILY = 1;
			};
			name = Debug;
		};
		C9491C5125CA80EA00FEF571 /* Release */ = {
			isa = XCBuildConfiguration;
			baseConfigurationReference = DF9926FE041D28563D69D93C /* Pods-ESLO.release.xcconfig */;
			buildSettings = {
				ASSETCATALOG_COMPILER_APPICON_NAME = AppIcon;
				ASSETCATALOG_COMPILER_GLOBAL_ACCENT_COLOR_NAME = AccentColor;
				CODE_SIGN_IDENTITY = "iPhone Developer";
				CODE_SIGN_STYLE = Manual;
				DEVELOPMENT_TEAM = WBU4CZ6AZJ;
				INFOPLIST_FILE = ESLOuG/Info.plist;
				IPHONEOS_DEPLOYMENT_TARGET = 15.0;
				LD_RUNPATH_SEARCH_PATHS = (
					"$(inherited)",
					"@executable_path/Frameworks",
				);
				PRODUCT_BUNDLE_IDENTIFIER = Umich.ESLO;
				PRODUCT_NAME = "$(TARGET_NAME)";
				PROVISIONING_PROFILE_SPECIFIER = "ESLO Profile";
				SWIFT_VERSION = 5.0;
				TARGETED_DEVICE_FAMILY = 1;
			};
			name = Release;
		};
/* End XCBuildConfiguration section */

/* Begin XCConfigurationList section */
		C9491C2025CA80E900FEF571 /* Build configuration list for PBXProject "ESLOuG" */ = {
			isa = XCConfigurationList;
			buildConfigurations = (
				C9491C4D25CA80EA00FEF571 /* Debug */,
				C9491C4E25CA80EA00FEF571 /* Release */,
			);
			defaultConfigurationIsVisible = 0;
			defaultConfigurationName = Release;
		};
		C9491C4F25CA80EA00FEF571 /* Build configuration list for PBXNativeTarget "ESLOuG" */ = {
			isa = XCConfigurationList;
			buildConfigurations = (
				C9491C5025CA80EA00FEF571 /* Debug */,
				C9491C5125CA80EA00FEF571 /* Release */,
			);
			defaultConfigurationIsVisible = 0;
			defaultConfigurationName = Release;
		};
/* End XCConfigurationList section */
	};
	rootObject = C9491C1D25CA80E900FEF571 /* Project object */;
}
